// !$*UTF8*$!
{
	archiveVersion = 1;
	classes = {
	};
	objectVersion = 77;
	objects = {

/* Begin PBXBuildFile section */
		0EE82552D7B574B4CE79D78D /* ExportView.swift in Sources */ = {isa = PBXBuildFile; fileRef = 5CD3403D0E60E4F000639073 /* ExportView.swift */; };
		11F21FB9B0971919D3425B69 /* HealthKitExporterWidgets.appex in Embed Foundation Extensions */ = {isa = PBXBuildFile; fileRef = DB4EF17B0B66D337C9FB1543 /* HealthKitExporterWidgets.appex */; settings = {ATTRIBUTES = (RemoveHeadersOnCopy, ); }; };
		123437C2237FACFD0D428661 /* NetworkStreamActivityWidget.swift in Sources */ = {isa = PBXBuildFile; fileRef = 9629CA104226B2668378296A /* NetworkStreamActivityWidget.swift */; };
		1AFABD670C9C5D2205991A0B /* NetworkStreamingManager.swift in Sources */ = {isa = PBXBuildFile; fileRef = 72ACFBD889D466A94FA627CA /* NetworkStreamingManager.swift */; };
		1D3D6353EA37B9186DAA491F /* HealthKitExporterApp.swift in Sources */ = {isa = PBXBuildFile; fileRef = 0D349F1DD8888D80A66E8C80 /* HealthKitExporterApp.swift */; };
		1DB66FEEACF7598BE41FA07F /* LiveStreamActivityAttributes.swift in Sources */ = {isa = PBXBuildFile; fileRef = 64DCC677598BF2B1BB0E89FC /* LiveStreamActivityAttributes.swift */; };
		238BF32B10EEA470E6D2F0E7 /* HealthKitExporterWidgets.swift in Sources */ = {isa = PBXBuildFile; fileRef = E1E82BD108CE3EEBDBF3EC4B /* HealthKitExporterWidgets.swift */; };
		27FEEEE0443049AF5E8FC8B3 /* Preview Assets.xcassets in Resources */ = {isa = PBXBuildFile; fileRef = 61EEC39743F1B5270078B492 /* Preview Assets.xcassets */; };
		2FCD0FDFA6431462726FBC8A /* HealthKitTestData in Frameworks */ = {isa = PBXBuildFile; productRef = 042B3AF3C246F01A95015A40 /* HealthKitTestData */; };
		496C0C70FCA6E00A9B007B84 /* HealthDataLogView.swift in Sources */ = {isa = PBXBuildFile; fileRef = B5473D467BFD4735533A8C52 /* HealthDataLogView.swift */; };
		4C946C60914171D1D3AFB703 /* HealthDataMonitor.swift in Sources */ = {isa = PBXBuildFile; fileRef = EF6E90CF2961735C207929A1 /* HealthDataMonitor.swift */; };
		4EF2B21663E6C7C71030267A /* ContentView.swift in Sources */ = {isa = PBXBuildFile; fileRef = ECDCA551968E5F38AFCD27B1 /* ContentView.swift */; };
		58F98CDDE2BD122412F933CA /* Assets.xcassets in Resources */ = {isa = PBXBuildFile; fileRef = 8FDADD143B8BBBDB16F40BC2 /* Assets.xcassets */; };
		5D27A92EA3EB057226300CFC /* ExportManager.swift in Sources */ = {isa = PBXBuildFile; fileRef = D8DFD45B1B55F5C0F75282B9 /* ExportManager.swift */; };
		6BB3FD5E7A5C29F647DDBA64 /* DateRangePickerView.swift in Sources */ = {isa = PBXBuildFile; fileRef = FCC400B1296DEA5BA45A08F0 /* DateRangePickerView.swift */; };
		9118EBDF720F6CB18DC4645A /* HealthDataExporter.swift in Sources */ = {isa = PBXBuildFile; fileRef = BF77C1A5C9E66ED6FFDB67B6 /* HealthDataExporter.swift */; };
		A6A07D310794336466873746 /* HealthDataModels.swift in Sources */ = {isa = PBXBuildFile; fileRef = C417CA3F7F5D1AAD9134FA6F /* HealthDataModels.swift */; };
		A7F7E0DC3E167629873891F5 /* LiveStreamActivityWidget.swift in Sources */ = {isa = PBXBuildFile; fileRef = E3928872809CA4EA16BC7F56 /* LiveStreamActivityWidget.swift */; };
		BA43EB4DD01CF394B27C2956 /* DataTypeSelectionView.swift in Sources */ = {isa = PBXBuildFile; fileRef = F8795B083825FCC6F8FE364D /* DataTypeSelectionView.swift */; };
		CEE733869714D065213A8A3F /* LiveStreamManager.swift in Sources */ = {isa = PBXBuildFile; fileRef = A26DCEF3AA8C2E1DB4385996 /* LiveStreamManager.swift */; };
		DB7413F87269E633A1BFADAC /* Assets.xcassets in Resources */ = {isa = PBXBuildFile; fileRef = 31E23E19BA4EFD217FC815B7 /* Assets.xcassets */; };
		E76B623A7CC884736AE79178 /* LiveStreamView.swift in Sources */ = {isa = PBXBuildFile; fileRef = 8985E8740904673CB6F3A2D1 /* LiveStreamView.swift */; };
		F499D0F9514D65F5267CD70C /* NetworkStreamView.swift in Sources */ = {isa = PBXBuildFile; fileRef = 5E0CD6DAFE853937FCA304CF /* NetworkStreamView.swift */; };
/* End PBXBuildFile section */

/* Begin PBXContainerItemProxy section */
		4FA9F6C72F276DB4236EAF0C /* PBXContainerItemProxy */ = {
			isa = PBXContainerItemProxy;
			containerPortal = 16EE155DCF7BD0E76CFC7BC1 /* Project object */;
			proxyType = 1;
			remoteGlobalIDString = E5C9C54FDA9B79A937236818;
			remoteInfo = HealthKitExporterWidgets;
		};
/* End PBXContainerItemProxy section */

/* Begin PBXCopyFilesBuildPhase section */
		782B294D55952D0A8C999C09 /* Embed Foundation Extensions */ = {
			isa = PBXCopyFilesBuildPhase;
			buildActionMask = 2147483647;
			dstPath = "";
			dstSubfolderSpec = 13;
			files = (
				11F21FB9B0971919D3425B69 /* HealthKitExporterWidgets.appex in Embed Foundation Extensions */,
			);
			name = "Embed Foundation Extensions";
			runOnlyForDeploymentPostprocessing = 0;
		};
/* End PBXCopyFilesBuildPhase section */

/* Begin PBXFileReference section */
		0D349F1DD8888D80A66E8C80 /* HealthKitExporterApp.swift */ = {isa = PBXFileReference; lastKnownFileType = sourcecode.swift; path = HealthKitExporterApp.swift; sourceTree = "<group>"; };
		11557EF2DB1B84352ADD3320 /* Info.plist */ = {isa = PBXFileReference; lastKnownFileType = text.plist; path = Info.plist; sourceTree = "<group>"; };
		2A75907A3CDCD9936A7D3934 /* HealthKitExporter */ = {isa = PBXFileReference; lastKnownFileType = folder; name = HealthKitExporter; path = .; sourceTree = SOURCE_ROOT; };
		31E23E19BA4EFD217FC815B7 /* Assets.xcassets */ = {isa = PBXFileReference; lastKnownFileType = folder.assetcatalog; path = Assets.xcassets; sourceTree = "<group>"; };
		5CD3403D0E60E4F000639073 /* ExportView.swift */ = {isa = PBXFileReference; lastKnownFileType = sourcecode.swift; path = ExportView.swift; sourceTree = "<group>"; };
		5E0AC10C8C84AE217EEB6652 /* HealthKitExporter.entitlements */ = {isa = PBXFileReference; lastKnownFileType = text.plist.entitlements; path = HealthKitExporter.entitlements; sourceTree = "<group>"; };
		5E0CD6DAFE853937FCA304CF /* NetworkStreamView.swift */ = {isa = PBXFileReference; lastKnownFileType = sourcecode.swift; path = NetworkStreamView.swift; sourceTree = "<group>"; };
		61EEC39743F1B5270078B492 /* Preview Assets.xcassets */ = {isa = PBXFileReference; lastKnownFileType = folder.assetcatalog; path = "Preview Assets.xcassets"; sourceTree = "<group>"; };
		64DCC677598BF2B1BB0E89FC /* LiveStreamActivityAttributes.swift */ = {isa = PBXFileReference; lastKnownFileType = sourcecode.swift; path = LiveStreamActivityAttributes.swift; sourceTree = "<group>"; };
		72ACFBD889D466A94FA627CA /* NetworkStreamingManager.swift */ = {isa = PBXFileReference; lastKnownFileType = sourcecode.swift; path = NetworkStreamingManager.swift; sourceTree = "<group>"; };
		7923CD2B20A91573EDC600F2 /* HealthKitExporter.app */ = {isa = PBXFileReference; includeInIndex = 0; lastKnownFileType = wrapper.application; path = HealthKitExporter.app; sourceTree = BUILT_PRODUCTS_DIR; };
		8985E8740904673CB6F3A2D1 /* LiveStreamView.swift */ = {isa = PBXFileReference; lastKnownFileType = sourcecode.swift; path = LiveStreamView.swift; sourceTree = "<group>"; };
		8FDADD143B8BBBDB16F40BC2 /* Assets.xcassets */ = {isa = PBXFileReference; lastKnownFileType = folder.assetcatalog; path = Assets.xcassets; sourceTree = "<group>"; };
		9629CA104226B2668378296A /* NetworkStreamActivityWidget.swift */ = {isa = PBXFileReference; lastKnownFileType = sourcecode.swift; path = NetworkStreamActivityWidget.swift; sourceTree = "<group>"; };
		A26DCEF3AA8C2E1DB4385996 /* LiveStreamManager.swift */ = {isa = PBXFileReference; lastKnownFileType = sourcecode.swift; path = LiveStreamManager.swift; sourceTree = "<group>"; };
		A786D3403FFFA4C8B0C99961 /* Info.plist */ = {isa = PBXFileReference; lastKnownFileType = text.plist; path = Info.plist; sourceTree = "<group>"; };
		B5473D467BFD4735533A8C52 /* HealthDataLogView.swift */ = {isa = PBXFileReference; lastKnownFileType = sourcecode.swift; path = HealthDataLogView.swift; sourceTree = "<group>"; };
		BF77C1A5C9E66ED6FFDB67B6 /* HealthDataExporter.swift */ = {isa = PBXFileReference; lastKnownFileType = sourcecode.swift; path = HealthDataExporter.swift; sourceTree = "<group>"; };
		C417CA3F7F5D1AAD9134FA6F /* HealthDataModels.swift */ = {isa = PBXFileReference; lastKnownFileType = sourcecode.swift; path = HealthDataModels.swift; sourceTree = "<group>"; };
		D8DFD45B1B55F5C0F75282B9 /* ExportManager.swift */ = {isa = PBXFileReference; lastKnownFileType = sourcecode.swift; path = ExportManager.swift; sourceTree = "<group>"; };
		DB4EF17B0B66D337C9FB1543 /* HealthKitExporterWidgets.appex */ = {isa = PBXFileReference; includeInIndex = 0; lastKnownFileType = "wrapper.app-extension"; path = HealthKitExporterWidgets.appex; sourceTree = BUILT_PRODUCTS_DIR; };
		E1E82BD108CE3EEBDBF3EC4B /* HealthKitExporterWidgets.swift */ = {isa = PBXFileReference; lastKnownFileType = sourcecode.swift; path = HealthKitExporterWidgets.swift; sourceTree = "<group>"; };
		E3928872809CA4EA16BC7F56 /* LiveStreamActivityWidget.swift */ = {isa = PBXFileReference; lastKnownFileType = sourcecode.swift; path = LiveStreamActivityWidget.swift; sourceTree = "<group>"; };
		ECDCA551968E5F38AFCD27B1 /* ContentView.swift */ = {isa = PBXFileReference; lastKnownFileType = sourcecode.swift; path = ContentView.swift; sourceTree = "<group>"; };
		EF6E90CF2961735C207929A1 /* HealthDataMonitor.swift */ = {isa = PBXFileReference; lastKnownFileType = sourcecode.swift; path = HealthDataMonitor.swift; sourceTree = "<group>"; };
		F8795B083825FCC6F8FE364D /* DataTypeSelectionView.swift */ = {isa = PBXFileReference; lastKnownFileType = sourcecode.swift; path = DataTypeSelectionView.swift; sourceTree = "<group>"; };
		FCC400B1296DEA5BA45A08F0 /* DateRangePickerView.swift */ = {isa = PBXFileReference; lastKnownFileType = sourcecode.swift; path = DateRangePickerView.swift; sourceTree = "<group>"; };
/* End PBXFileReference section */

/* Begin PBXFrameworksBuildPhase section */
		830D89FECD09A98A8F98E439 /* Frameworks */ = {
			isa = PBXFrameworksBuildPhase;
			buildActionMask = 2147483647;
			files = (
				2FCD0FDFA6431462726FBC8A /* HealthKitTestData in Frameworks */,
			);
			runOnlyForDeploymentPostprocessing = 0;
		};
/* End PBXFrameworksBuildPhase section */

/* Begin PBXGroup section */
		0205545293D711338DC7BCB4 /* HealthKitExporter */ = {
			isa = PBXGroup;
			children = (
				31E23E19BA4EFD217FC815B7 /* Assets.xcassets */,
				5E0AC10C8C84AE217EEB6652 /* HealthKitExporter.entitlements */,
				0D349F1DD8888D80A66E8C80 /* HealthKitExporterApp.swift */,
				A786D3403FFFA4C8B0C99961 /* Info.plist */,
				5310719FCEE03F09BFFB1955 /* Core */,
				1DF6DCFCDE6B2BFEB4E58361 /* Models */,
				5DC22575ED4A27F222FA2E6F /* Preview Content */,
				64C1B0D7709C4EA05DBA3E4C /* Views */,
			);
			path = HealthKitExporter;
			sourceTree = "<group>";
		};
		1DF6DCFCDE6B2BFEB4E58361 /* Models */ = {
			isa = PBXGroup;
			children = (
				C417CA3F7F5D1AAD9134FA6F /* HealthDataModels.swift */,
			);
			path = Models;
			sourceTree = "<group>";
		};
		39FCB807978F6ABAC8602927 /* HealthKitExporterWidgets */ = {
			isa = PBXGroup;
			children = (
				8FDADD143B8BBBDB16F40BC2 /* Assets.xcassets */,
				E1E82BD108CE3EEBDBF3EC4B /* HealthKitExporterWidgets.swift */,
				11557EF2DB1B84352ADD3320 /* Info.plist */,
				64DCC677598BF2B1BB0E89FC /* LiveStreamActivityAttributes.swift */,
				E3928872809CA4EA16BC7F56 /* LiveStreamActivityWidget.swift */,
				9629CA104226B2668378296A /* NetworkStreamActivityWidget.swift */,
			);
			path = HealthKitExporterWidgets;
			sourceTree = "<group>";
		};
		5310719FCEE03F09BFFB1955 /* Core */ = {
			isa = PBXGroup;
			children = (
				D8DFD45B1B55F5C0F75282B9 /* ExportManager.swift */,
				BF77C1A5C9E66ED6FFDB67B6 /* HealthDataExporter.swift */,
				EF6E90CF2961735C207929A1 /* HealthDataMonitor.swift */,
				A26DCEF3AA8C2E1DB4385996 /* LiveStreamManager.swift */,
				72ACFBD889D466A94FA627CA /* NetworkStreamingManager.swift */,
			);
			path = Core;
			sourceTree = "<group>";
		};
		5DC22575ED4A27F222FA2E6F /* Preview Content */ = {
			isa = PBXGroup;
			children = (
				61EEC39743F1B5270078B492 /* Preview Assets.xcassets */,
			);
			path = "Preview Content";
			sourceTree = "<group>";
		};
		64C1B0D7709C4EA05DBA3E4C /* Views */ = {
			isa = PBXGroup;
			children = (
				ECDCA551968E5F38AFCD27B1 /* ContentView.swift */,
				F8795B083825FCC6F8FE364D /* DataTypeSelectionView.swift */,
				FCC400B1296DEA5BA45A08F0 /* DateRangePickerView.swift */,
				5CD3403D0E60E4F000639073 /* ExportView.swift */,
				B5473D467BFD4735533A8C52 /* HealthDataLogView.swift */,
				8985E8740904673CB6F3A2D1 /* LiveStreamView.swift */,
				5E0CD6DAFE853937FCA304CF /* NetworkStreamView.swift */,
			);
			path = Views;
			sourceTree = "<group>";
		};
		9889B63B2953521A3579518D /* Products */ = {
			isa = PBXGroup;
			children = (
				7923CD2B20A91573EDC600F2 /* HealthKitExporter.app */,
				DB4EF17B0B66D337C9FB1543 /* HealthKitExporterWidgets.appex */,
			);
			name = Products;
			sourceTree = "<group>";
		};
		BEC9CF8BBF21922A0819E491 /* Packages */ = {
			isa = PBXGroup;
			children = (
				2A75907A3CDCD9936A7D3934 /* HealthKitExporter */,
			);
			name = Packages;
			sourceTree = "<group>";
		};
		CCFDDBA769D6D4201A86ECD2 = {
			isa = PBXGroup;
			children = (
				0205545293D711338DC7BCB4 /* HealthKitExporter */,
				39FCB807978F6ABAC8602927 /* HealthKitExporterWidgets */,
				BEC9CF8BBF21922A0819E491 /* Packages */,
				9889B63B2953521A3579518D /* Products */,
			);
			sourceTree = "<group>";
		};
/* End PBXGroup section */

/* Begin PBXNativeTarget section */
		698E25DD37F114BB1AC39123 /* HealthKitExporter */ = {
			isa = PBXNativeTarget;
			buildConfigurationList = D150397C3D193C826659CA9B /* Build configuration list for PBXNativeTarget "HealthKitExporter" */;
			buildPhases = (
				7E5567B60D059147E7A63A76 /* Sources */,
				2D8E7DEFF9991574B8409662 /* Resources */,
				830D89FECD09A98A8F98E439 /* Frameworks */,
				782B294D55952D0A8C999C09 /* Embed Foundation Extensions */,
			);
			buildRules = (
			);
			dependencies = (
				CBD86E0D9E43D538E5063122 /* PBXTargetDependency */,
			);
			name = HealthKitExporter;
			packageProductDependencies = (
				042B3AF3C246F01A95015A40 /* HealthKitTestData */,
			);
			productName = HealthKitExporter;
			productReference = 7923CD2B20A91573EDC600F2 /* HealthKitExporter.app */;
			productType = "com.apple.product-type.application";
		};
		E5C9C54FDA9B79A937236818 /* HealthKitExporterWidgets */ = {
			isa = PBXNativeTarget;
			buildConfigurationList = 5B67AFEA16E432F429DCA5C0 /* Build configuration list for PBXNativeTarget "HealthKitExporterWidgets" */;
			buildPhases = (
				221B9876581081C9F5274531 /* Sources */,
				2521BEC0D66CE0E890ADCA03 /* Resources */,
			);
			buildRules = (
			);
			dependencies = (
			);
			name = HealthKitExporterWidgets;
			packageProductDependencies = (
			);
			productName = HealthKitExporterWidgets;
			productReference = DB4EF17B0B66D337C9FB1543 /* HealthKitExporterWidgets.appex */;
			productType = "com.apple.product-type.app-extension";
		};
/* End PBXNativeTarget section */

/* Begin PBXProject section */
		16EE155DCF7BD0E76CFC7BC1 /* Project object */ = {
			isa = PBXProject;
			attributes = {
				BuildIndependentTargetsInParallel = YES;
				LastUpgradeCheck = 1430;
			};
			buildConfigurationList = 669FEAFB6E487F7EE9E27D68 /* Build configuration list for PBXProject "HealthKitExporter" */;
			compatibilityVersion = "Xcode 14.0";
			developmentRegion = en;
			hasScannedForEncodings = 0;
			knownRegions = (
				Base,
				en,
			);
			mainGroup = CCFDDBA769D6D4201A86ECD2;
			minimizedProjectReferenceProxies = 1;
			packageReferences = (
				99604C43B28744D119AD0CDD /* XCLocalSwiftPackageReference "." */,
			);
			preferredProjectObjectVersion = 77;
			projectDirPath = "";
			projectRoot = "";
			targets = (
				698E25DD37F114BB1AC39123 /* HealthKitExporter */,
				E5C9C54FDA9B79A937236818 /* HealthKitExporterWidgets */,
			);
		};
/* End PBXProject section */

/* Begin PBXResourcesBuildPhase section */
		2521BEC0D66CE0E890ADCA03 /* Resources */ = {
			isa = PBXResourcesBuildPhase;
			buildActionMask = 2147483647;
			files = (
				58F98CDDE2BD122412F933CA /* Assets.xcassets in Resources */,
			);
			runOnlyForDeploymentPostprocessing = 0;
		};
		2D8E7DEFF9991574B8409662 /* Resources */ = {
			isa = PBXResourcesBuildPhase;
			buildActionMask = 2147483647;
			files = (
				DB7413F87269E633A1BFADAC /* Assets.xcassets in Resources */,
				27FEEEE0443049AF5E8FC8B3 /* Preview Assets.xcassets in Resources */,
			);
			runOnlyForDeploymentPostprocessing = 0;
		};
/* End PBXResourcesBuildPhase section */

/* Begin PBXSourcesBuildPhase section */
		221B9876581081C9F5274531 /* Sources */ = {
			isa = PBXSourcesBuildPhase;
			buildActionMask = 2147483647;
			files = (
				238BF32B10EEA470E6D2F0E7 /* HealthKitExporterWidgets.swift in Sources */,
				1DB66FEEACF7598BE41FA07F /* LiveStreamActivityAttributes.swift in Sources */,
				A7F7E0DC3E167629873891F5 /* LiveStreamActivityWidget.swift in Sources */,
				123437C2237FACFD0D428661 /* NetworkStreamActivityWidget.swift in Sources */,
			);
			runOnlyForDeploymentPostprocessing = 0;
		};
		7E5567B60D059147E7A63A76 /* Sources */ = {
			isa = PBXSourcesBuildPhase;
			buildActionMask = 2147483647;
			files = (
				4EF2B21663E6C7C71030267A /* ContentView.swift in Sources */,
				BA43EB4DD01CF394B27C2956 /* DataTypeSelectionView.swift in Sources */,
				6BB3FD5E7A5C29F647DDBA64 /* DateRangePickerView.swift in Sources */,
				5D27A92EA3EB057226300CFC /* ExportManager.swift in Sources */,
				0EE82552D7B574B4CE79D78D /* ExportView.swift in Sources */,
				9118EBDF720F6CB18DC4645A /* HealthDataExporter.swift in Sources */,
				496C0C70FCA6E00A9B007B84 /* HealthDataLogView.swift in Sources */,
				A6A07D310794336466873746 /* HealthDataModels.swift in Sources */,
				4C946C60914171D1D3AFB703 /* HealthDataMonitor.swift in Sources */,
				1D3D6353EA37B9186DAA491F /* HealthKitExporterApp.swift in Sources */,
				CEE733869714D065213A8A3F /* LiveStreamManager.swift in Sources */,
				E76B623A7CC884736AE79178 /* LiveStreamView.swift in Sources */,
				F499D0F9514D65F5267CD70C /* NetworkStreamView.swift in Sources */,
				1AFABD670C9C5D2205991A0B /* NetworkStreamingManager.swift in Sources */,
			);
			runOnlyForDeploymentPostprocessing = 0;
		};
/* End PBXSourcesBuildPhase section */

/* Begin PBXTargetDependency section */
		CBD86E0D9E43D538E5063122 /* PBXTargetDependency */ = {
			isa = PBXTargetDependency;
			target = E5C9C54FDA9B79A937236818 /* HealthKitExporterWidgets */;
			targetProxy = 4FA9F6C72F276DB4236EAF0C /* PBXContainerItemProxy */;
		};
/* End PBXTargetDependency section */

/* Begin XCBuildConfiguration section */
		0535D8EC0B3D271400F82F6D /* Debug */ = {
			isa = XCBuildConfiguration;
			buildSettings = {
				ASSETCATALOG_COMPILER_APPICON_NAME = AppIcon;
				ASSETCATALOG_COMPILER_GLOBAL_ACCENT_COLOR_NAME = AccentColor;
				CODE_SIGN_ENTITLEMENTS = HealthKitExporter/HealthKitExporter.entitlements;
				CODE_SIGN_IDENTITY = "iPhone Developer";
				DEVELOPMENT_ASSET_PATHS = "\"HealthKitExporter/Preview Content\"";
				ENABLE_PREVIEWS = YES;
				GENERATE_INFOPLIST_FILE = NO;
				INFOPLIST_FILE = HealthKitExporter/Info.plist;
				IPHONEOS_DEPLOYMENT_TARGET = 16.0;
				LD_RUNPATH_SEARCH_PATHS = (
					"$(inherited)",
					"@executable_path/Frameworks",
				);
				PRODUCT_BUNDLE_IDENTIFIER = com.aidancornelius.HealthKitExporter;
				SDKROOT = iphoneos;
				SUPPORTED_PLATFORMS = "iphoneos iphonesimulator";
				SUPPORTS_MACCATALYST = NO;
				SUPPORTS_MAC_DESIGNED_FOR_IPHONE_IPAD = NO;
				SWIFT_EMIT_LOC_STRINGS = YES;
				TARGETED_DEVICE_FAMILY = "1,2";
			};
			name = Debug;
		};
		0C00653B9C962CDBB305D276 /* Release */ = {
			isa = XCBuildConfiguration;
			buildSettings = {
				ALWAYS_SEARCH_USER_PATHS = NO;
				CLANG_ANALYZER_NONNULL = YES;
				CLANG_ANALYZER_NUMBER_OBJECT_CONVERSION = YES_AGGRESSIVE;
				CLANG_CXX_LANGUAGE_STANDARD = "gnu++14";
				CLANG_CXX_LIBRARY = "libc++";
				CLANG_ENABLE_MODULES = YES;
				CLANG_ENABLE_OBJC_ARC = YES;
				CLANG_ENABLE_OBJC_WEAK = YES;
				CLANG_WARN_BLOCK_CAPTURE_AUTORELEASING = YES;
				CLANG_WARN_BOOL_CONVERSION = YES;
				CLANG_WARN_COMMA = YES;
				CLANG_WARN_CONSTANT_CONVERSION = YES;
				CLANG_WARN_DEPRECATED_OBJC_IMPLEMENTATIONS = YES;
				CLANG_WARN_DIRECT_OBJC_ISA_USAGE = YES_ERROR;
				CLANG_WARN_DOCUMENTATION_COMMENTS = YES;
				CLANG_WARN_EMPTY_BODY = YES;
				CLANG_WARN_ENUM_CONVERSION = YES;
				CLANG_WARN_INFINITE_RECURSION = YES;
				CLANG_WARN_INT_CONVERSION = YES;
				CLANG_WARN_NON_LITERAL_NULL_CONVERSION = YES;
				CLANG_WARN_OBJC_IMPLICIT_RETAIN_SELF = YES;
				CLANG_WARN_OBJC_LITERAL_CONVERSION = YES;
				CLANG_WARN_OBJC_ROOT_CLASS = YES_ERROR;
				CLANG_WARN_QUOTED_INCLUDE_IN_FRAMEWORK_HEADER = YES;
				CLANG_WARN_RANGE_LOOP_ANALYSIS = YES;
				CLANG_WARN_STRICT_PROTOTYPES = YES;
				CLANG_WARN_SUSPICIOUS_MOVE = YES;
				CLANG_WARN_UNGUARDED_AVAILABILITY = YES_AGGRESSIVE;
				CLANG_WARN_UNREACHABLE_CODE = YES;
				CLANG_WARN__DUPLICATE_METHOD_MATCH = YES;
				COPY_PHASE_STRIP = NO;
				CURRENT_PROJECT_VERSION = 1;
				DEBUG_INFORMATION_FORMAT = "dwarf-with-dsym";
				ENABLE_NS_ASSERTIONS = NO;
				ENABLE_STRICT_OBJC_MSGSEND = YES;
				GCC_C_LANGUAGE_STANDARD = gnu11;
				GCC_NO_COMMON_BLOCKS = YES;
				GCC_WARN_64_TO_32_BIT_CONVERSION = YES;
				GCC_WARN_ABOUT_RETURN_TYPE = YES_ERROR;
				GCC_WARN_UNDECLARED_SELECTOR = YES;
				GCC_WARN_UNINITIALIZED_AUTOS = YES_AGGRESSIVE;
				GCC_WARN_UNUSED_FUNCTION = YES;
				GCC_WARN_UNUSED_VARIABLE = YES;
				IPHONEOS_DEPLOYMENT_TARGET = 16.0;
				MARKETING_VERSION = 1.0;
				MTL_ENABLE_DEBUG_INFO = NO;
				MTL_FAST_MATH = YES;
				PRODUCT_NAME = "$(TARGET_NAME)";
				SDKROOT = iphoneos;
				SWIFT_COMPILATION_MODE = wholemodule;
				SWIFT_OPTIMIZATION_LEVEL = "-O";
				SWIFT_VERSION = 5.9;
			};
			name = Release;
		};
		2CDFFF73A3F9328BAF74A92F /* Debug */ = {
			isa = XCBuildConfiguration;
			buildSettings = {
				ALWAYS_SEARCH_USER_PATHS = NO;
				CLANG_ANALYZER_NONNULL = YES;
				CLANG_ANALYZER_NUMBER_OBJECT_CONVERSION = YES_AGGRESSIVE;
				CLANG_CXX_LANGUAGE_STANDARD = "gnu++14";
				CLANG_CXX_LIBRARY = "libc++";
				CLANG_ENABLE_MODULES = YES;
				CLANG_ENABLE_OBJC_ARC = YES;
				CLANG_ENABLE_OBJC_WEAK = YES;
				CLANG_WARN_BLOCK_CAPTURE_AUTORELEASING = YES;
				CLANG_WARN_BOOL_CONVERSION = YES;
				CLANG_WARN_COMMA = YES;
				CLANG_WARN_CONSTANT_CONVERSION = YES;
				CLANG_WARN_DEPRECATED_OBJC_IMPLEMENTATIONS = YES;
				CLANG_WARN_DIRECT_OBJC_ISA_USAGE = YES_ERROR;
				CLANG_WARN_DOCUMENTATION_COMMENTS = YES;
				CLANG_WARN_EMPTY_BODY = YES;
				CLANG_WARN_ENUM_CONVERSION = YES;
				CLANG_WARN_INFINITE_RECURSION = YES;
				CLANG_WARN_INT_CONVERSION = YES;
				CLANG_WARN_NON_LITERAL_NULL_CONVERSION = YES;
				CLANG_WARN_OBJC_IMPLICIT_RETAIN_SELF = YES;
				CLANG_WARN_OBJC_LITERAL_CONVERSION = YES;
				CLANG_WARN_OBJC_ROOT_CLASS = YES_ERROR;
				CLANG_WARN_QUOTED_INCLUDE_IN_FRAMEWORK_HEADER = YES;
				CLANG_WARN_RANGE_LOOP_ANALYSIS = YES;
				CLANG_WARN_STRICT_PROTOTYPES = YES;
				CLANG_WARN_SUSPICIOUS_MOVE = YES;
				CLANG_WARN_UNGUARDED_AVAILABILITY = YES_AGGRESSIVE;
				CLANG_WARN_UNREACHABLE_CODE = YES;
				CLANG_WARN__DUPLICATE_METHOD_MATCH = YES;
				COPY_PHASE_STRIP = NO;
				CURRENT_PROJECT_VERSION = 1;
				DEBUG_INFORMATION_FORMAT = dwarf;
				ENABLE_STRICT_OBJC_MSGSEND = YES;
				ENABLE_TESTABILITY = YES;
				GCC_C_LANGUAGE_STANDARD = gnu11;
				GCC_DYNAMIC_NO_PIC = NO;
				GCC_NO_COMMON_BLOCKS = YES;
				GCC_OPTIMIZATION_LEVEL = 0;
				GCC_PREPROCESSOR_DEFINITIONS = (
					"$(inherited)",
					"DEBUG=1",
				);
				GCC_WARN_64_TO_32_BIT_CONVERSION = YES;
				GCC_WARN_ABOUT_RETURN_TYPE = YES_ERROR;
				GCC_WARN_UNDECLARED_SELECTOR = YES;
				GCC_WARN_UNINITIALIZED_AUTOS = YES_AGGRESSIVE;
				GCC_WARN_UNUSED_FUNCTION = YES;
				GCC_WARN_UNUSED_VARIABLE = YES;
				IPHONEOS_DEPLOYMENT_TARGET = 16.0;
				MARKETING_VERSION = 1.0;
				MTL_ENABLE_DEBUG_INFO = INCLUDE_SOURCE;
				MTL_FAST_MATH = YES;
				ONLY_ACTIVE_ARCH = YES;
				PRODUCT_NAME = "$(TARGET_NAME)";
				SDKROOT = iphoneos;
				SWIFT_ACTIVE_COMPILATION_CONDITIONS = DEBUG;
				SWIFT_OPTIMIZATION_LEVEL = "-Onone";
				SWIFT_VERSION = 5.9;
			};
			name = Debug;
		};
		40075373356755CD13FA106A /* Debug */ = {
			isa = XCBuildConfiguration;
			buildSettings = {
				ASSETCATALOG_COMPILER_GLOBAL_ACCENT_COLOR_NAME = AccentColor;
				ASSETCATALOG_COMPILER_WIDGET_BACKGROUND_COLOR_NAME = WidgetBackground;
				GENERATE_INFOPLIST_FILE = NO;
				INFOPLIST_FILE = HealthKitExporterWidgets/Info.plist;
				IPHONEOS_DEPLOYMENT_TARGET = 16.0;
				LD_RUNPATH_SEARCH_PATHS = (
					"$(inherited)",
					"@executable_path/Frameworks",
					"@executable_path/../../Frameworks",
				);
				PRODUCT_BUNDLE_IDENTIFIER = com.aidancornelius.HealthKitExporter.HealthKitExporterWidgets;
				SDKROOT = iphoneos;
				SKIP_INSTALL = YES;
				SWIFT_EMIT_LOC_STRINGS = YES;
				TARGETED_DEVICE_FAMILY = "1,2";
			};
			name = Debug;
		};
		68BABFFA109222CB036A7301 /* Release */ = {
			isa = XCBuildConfiguration;
			buildSettings = {
				ASSETCATALOG_COMPILER_GLOBAL_ACCENT_COLOR_NAME = AccentColor;
				ASSETCATALOG_COMPILER_WIDGET_BACKGROUND_COLOR_NAME = WidgetBackground;
				GENERATE_INFOPLIST_FILE = NO;
				INFOPLIST_FILE = HealthKitExporterWidgets/Info.plist;
				IPHONEOS_DEPLOYMENT_TARGET = 16.0;
				LD_RUNPATH_SEARCH_PATHS = (
					"$(inherited)",
					"@executable_path/Frameworks",
					"@executable_path/../../Frameworks",
				);
				PRODUCT_BUNDLE_IDENTIFIER = com.aidancornelius.HealthKitExporter.HealthKitExporterWidgets;
				SDKROOT = iphoneos;
				SKIP_INSTALL = YES;
				SWIFT_EMIT_LOC_STRINGS = YES;
				TARGETED_DEVICE_FAMILY = "1,2";
			};
			name = Release;
		};
		6BA6C8FCBF6A19970E727B32 /* Release */ = {
			isa = XCBuildConfiguration;
			buildSettings = {
				ASSETCATALOG_COMPILER_APPICON_NAME = AppIcon;
				ASSETCATALOG_COMPILER_GLOBAL_ACCENT_COLOR_NAME = AccentColor;
				CODE_SIGN_ENTITLEMENTS = HealthKitExporter/HealthKitExporter.entitlements;
				CODE_SIGN_IDENTITY = "iPhone Developer";
				DEVELOPMENT_ASSET_PATHS = "\"HealthKitExporter/Preview Content\"";
				ENABLE_PREVIEWS = YES;
				GENERATE_INFOPLIST_FILE = NO;
				INFOPLIST_FILE = HealthKitExporter/Info.plist;
				IPHONEOS_DEPLOYMENT_TARGET = 16.0;
				LD_RUNPATH_SEARCH_PATHS = (
					"$(inherited)",
					"@executable_path/Frameworks",
				);
				PRODUCT_BUNDLE_IDENTIFIER = com.aidancornelius.HealthKitExporter;
				SDKROOT = iphoneos;
				SUPPORTED_PLATFORMS = "iphoneos iphonesimulator";
				SUPPORTS_MACCATALYST = NO;
				SUPPORTS_MAC_DESIGNED_FOR_IPHONE_IPAD = NO;
				SWIFT_EMIT_LOC_STRINGS = YES;
				TARGETED_DEVICE_FAMILY = "1,2";
			};
			name = Release;
		};
/* End XCBuildConfiguration section */

/* Begin XCConfigurationList section */
		5B67AFEA16E432F429DCA5C0 /* Build configuration list for PBXNativeTarget "HealthKitExporterWidgets" */ = {
			isa = XCConfigurationList;
			buildConfigurations = (
				40075373356755CD13FA106A /* Debug */,
				68BABFFA109222CB036A7301 /* Release */,
			);
			defaultConfigurationIsVisible = 0;
			defaultConfigurationName = Debug;
		};
		669FEAFB6E487F7EE9E27D68 /* Build configuration list for PBXProject "HealthKitExporter" */ = {
			isa = XCConfigurationList;
			buildConfigurations = (
				2CDFFF73A3F9328BAF74A92F /* Debug */,
				0C00653B9C962CDBB305D276 /* Release */,
			);
			defaultConfigurationIsVisible = 0;
			defaultConfigurationName = Debug;
		};
		D150397C3D193C826659CA9B /* Build configuration list for PBXNativeTarget "HealthKitExporter" */ = {
			isa = XCConfigurationList;
			buildConfigurations = (
				0535D8EC0B3D271400F82F6D /* Debug */,
				6BA6C8FCBF6A19970E727B32 /* Release */,
			);
			defaultConfigurationIsVisible = 0;
			defaultConfigurationName = Debug;
		};
/* End XCConfigurationList section */

/* Begin XCLocalSwiftPackageReference section */
		99604C43B28744D119AD0CDD /* XCLocalSwiftPackageReference "." */ = {
			isa = XCLocalSwiftPackageReference;
			relativePath = .;
		};
/* End XCLocalSwiftPackageReference section */

/* Begin XCSwiftPackageProductDependency section */
		042B3AF3C246F01A95015A40 /* HealthKitTestData */ = {
			isa = XCSwiftPackageProductDependency;
			productName = HealthKitTestData;
		};
/* End XCSwiftPackageProductDependency section */
	};
	rootObject = 16EE155DCF7BD0E76CFC7BC1 /* Project object */;
}
